
Microsoft Visual Studio Solution File, Format Version 12.00
# Visual Studio 15
VisualStudioVersion = 15.0.27703.2026
MinimumVisualStudioVersion = 10.0.40219.1
Project("{8BC9CEB8-8B4A-11D0-8D11-00A0C91BC942}") = "Capitals", "Capitals\Capitals.vcxproj", "{423F8640-D916-498F-838C-926E18249C64}"
EndProject
Global
	GlobalSection(SolutionConfigurationPlatforms) = preSolution
		Debug|x64 = Debug|x64
		Debug|x86 = Debug|x86
		Release|x64 = Release|x64
		Release|x86 = Release|x86
	EndGlobalSection
	GlobalSection(ProjectConfigurationPlatforms) = postSolution
		{423F8640-D916-498F-838C-926E18249C64}.Debug|x64.ActiveCfg = Debug|x64
		{423F8640-D916-498F-838C-926E18249C64}.Debug|x64.Build.0 = Debug|x64
		{423F8640-D916-498F-838C-926E18249C64}.Debug|x86.ActiveCfg = Debug|Win32
		{423F8640-D916-498F-838C-926E18249C64}.Debug|x86.Build.0 = Debug|Win32
		{423F8640-D916-498F-838C-926E18249C64}.Release|x64.ActiveCfg = Release|x64
		{423F8640-D916-498F-838C-926E18249C64}.Release|x64.Build.0 = Release|x64
		{423F8640-D916-498F-838C-926E18249C64}.Release|x86.ActiveCfg = Release|Win32
		{423F8640-D916-498F-838C-926E18249C64}.Release|x86.Build.0 = Release|Win32
	EndGlobalSection
	GlobalSection(SolutionProperties) = preSolution
		HideSolutionNode = FALSE
	EndGlobalSection
	GlobalSection(ExtensibilityGlobals) = postSolution
		SolutionGuid = {4041FCDA-DA22-45D9-BBB8-7F4FC8909648}
	EndGlobalSection
EndGlobal
