
Microsoft Visual Studio Solution File, Format Version 12.00
# Visual Studio 15
VisualStudioVersion = 15.0.27703.2026
MinimumVisualStudioVersion = 10.0.40219.1
Project("{8BC9CEB8-8B4A-11D0-8D11-00A0C91BC942}") = "BusStation3", "BusStation3\BusStation3.vcxproj", "{9C999B89-9B7E-42CB-AF2E-D9DAA6BD07F6}"
EndProject
Global
	GlobalSection(SolutionConfigurationPlatforms) = preSolution
		Debug|x64 = Debug|x64
		Debug|x86 = Debug|x86
		Release|x64 = Release|x64
		Release|x86 = Release|x86
	EndGlobalSection
	GlobalSection(ProjectConfigurationPlatforms) = postSolution
		{9C999B89-9B7E-42CB-AF2E-D9DAA6BD07F6}.Debug|x64.ActiveCfg = Debug|x64
		{9C999B89-9B7E-42CB-AF2E-D9DAA6BD07F6}.Debug|x64.Build.0 = Debug|x64
		{9C999B89-9B7E-42CB-AF2E-D9DAA6BD07F6}.Debug|x86.ActiveCfg = Debug|Win32
		{9C999B89-9B7E-42CB-AF2E-D9DAA6BD07F6}.Debug|x86.Build.0 = Debug|Win32
		{9C999B89-9B7E-42CB-AF2E-D9DAA6BD07F6}.Release|x64.ActiveCfg = Release|x64
		{9C999B89-9B7E-42CB-AF2E-D9DAA6BD07F6}.Release|x64.Build.0 = Release|x64
		{9C999B89-9B7E-42CB-AF2E-D9DAA6BD07F6}.Release|x86.ActiveCfg = Release|Win32
		{9C999B89-9B7E-42CB-AF2E-D9DAA6BD07F6}.Release|x86.Build.0 = Release|Win32
	EndGlobalSection
	GlobalSection(SolutionProperties) = preSolution
		HideSolutionNode = FALSE
	EndGlobalSection
	GlobalSection(ExtensibilityGlobals) = postSolution
		SolutionGuid = {A84EEC34-1673-467C-A19B-8202EA9506A2}
	EndGlobalSection
EndGlobal
